# This file was autogenerated by Stack.
# You should not edit this file by hand.
# For more information, please see the documentation at:
#   https://docs.haskellstack.org/en/stable/lock_files

packages:
- completed:
    hackage: scotty-0.21@sha256:d17f6aa30fc4763670922b3e554db35858b9f7aa9c19937c47568480c4d1e031,5948
    pantry-tree:
      sha256: 9999357ebe8e98b9f52da601a7c051819c661ea8381825078f990266b32c335b
      size: 2068
  original:
    hackage: scotty-0.21@sha256:d17f6aa30fc4763670922b3e554db35858b9f7aa9c19937c47568480c4d1e031,5948
- completed:
    hackage: text-2.0.1@sha256:bb92fe1c491ebbdc5cebdaa7efc34b7b9b48b6b2011d82e95d270430d4077806,9595
    pantry-tree:
      sha256: 9b04353409b6198dd256429c0803e8bd164fa13025467a142dcd5c143c756386
      size: 7359
  original:
    hackage: text-2.0.1@sha256:bb92fe1c491ebbdc5cebdaa7efc34b7b9b48b6b2011d82e95d270430d4077806,9595
- completed:
    hackage: Cabal-3.10.2.1@sha256:0f7cc73c7c0c18464ce249c97267a5188d796690a926d73b6e084a4612a66e32,12693
    pantry-tree:
      sha256: 1b310294470d20ce457d90738b33dcf4fa952cf5d5f7df60cd1e47ea8a5dccba
      size: 9224
  original:
    hackage: Cabal-3.10.2.1@sha256:0f7cc73c7c0c18464ce249c97267a5188d796690a926d73b6e084a4612a66e32,12693
- completed:
    hackage: Cabal-syntax-3.10.2.0@sha256:b2235bd61763a826259805a34ba3538888fe06850fc6bc1712e625baedf07c16,7675
    pantry-tree:
      sha256: 2130300bf88bad99a883a5f0fdc07f7c8bdb93e5e3ac2f25255b9b8d32b23f9c
      size: 11052
  original:
    hackage: Cabal-syntax-3.10.2.0@sha256:b2235bd61763a826259805a34ba3538888fe06850fc6bc1712e625baedf07c16,7675
- completed:
    hackage: parsec-3.1.17.0@sha256:6cf18e59d9f1c5b40385457b82ab679dc18d3c5bd3c2c67b2f94e1e8732e6624,5119
    pantry-tree:
      sha256: cca87377fcfe25583e1f7aadc4971111a86c2e66002dffa304be92f294db32c8
      size: 2810
  original:
    hackage: parsec-3.1.17.0@sha256:6cf18e59d9f1c5b40385457b82ab679dc18d3c5bd3c2c67b2f94e1e8732e6624,5119
snapshots:
- completed:
    sha256: 2fdd7d3e54540062ef75ca0a73ca3a804c527dbf8a4cadafabf340e66ac4af40
    size: 712469
    url: https://raw.githubusercontent.com/commercialhaskell/stackage-snapshots/master/lts/22/11.yaml
  original:
    url: https://raw.githubusercontent.com/commercialhaskell/stackage-snapshots/master/lts/22/11.yaml
